
Microsoft Visual Studio Solution File, Format Version 12.00
# Visual Studio 15
VisualStudioVersion = 15.0.28307.271
MinimumVisualStudioVersion = 10.0.40219.1
Project("{FAE04EC0-301F-11D3-BF4B-00C04F79EFBC}") = "TravelRecordApp.Android", "TravelRecordApp\TravelRecordApp.Android\TravelRecordApp.Android.csproj", "{2226A670-6AAB-46DB-8284-C8FB75EA5C3E}"
EndProject
Project("{FAE04EC0-301F-11D3-BF4B-00C04F79EFBC}") = "TravelRecordApp", "TravelRecordApp\TravelRecordApp\TravelRecordApp.csproj", "{B70DB462-D67E-4D17-9F91-309E3CE9E72A}"
EndProject
Global
	GlobalSection(SolutionConfigurationPlatforms) = preSolution
		Debug|Any CPU = Debug|Any CPU
		Release|Any CPU = Release|Any CPU
	EndGlobalSection
	GlobalSection(ProjectConfigurationPlatforms) = postSolution
		{2226A670-6AAB-46DB-8284-C8FB75EA5C3E}.Debug|Any CPU.ActiveCfg = Debug|Any CPU
		{2226A670-6AAB-46DB-8284-C8FB75EA5C3E}.Debug|Any CPU.Build.0 = Debug|Any CPU
		{2226A670-6AAB-46DB-8284-C8FB75EA5C3E}.Debug|Any CPU.Deploy.0 = Debug|Any CPU
		{2226A670-6AAB-46DB-8284-C8FB75EA5C3E}.Release|Any CPU.ActiveCfg = Release|Any CPU
		{2226A670-6AAB-46DB-8284-C8FB75EA5C3E}.Release|Any CPU.Build.0 = Release|Any CPU
		{2226A670-6AAB-46DB-8284-C8FB75EA5C3E}.Release|Any CPU.Deploy.0 = Release|Any CPU
		{B70DB462-D67E-4D17-9F91-309E3CE9E72A}.Debug|Any CPU.ActiveCfg = Debug|Any CPU
		{B70DB462-D67E-4D17-9F91-309E3CE9E72A}.Debug|Any CPU.Build.0 = Debug|Any CPU
		{B70DB462-D67E-4D17-9F91-309E3CE9E72A}.Debug|Any CPU.Deploy.0 = Debug|Any CPU
		{B70DB462-D67E-4D17-9F91-309E3CE9E72A}.Release|Any CPU.ActiveCfg = Release|Any CPU
		{B70DB462-D67E-4D17-9F91-309E3CE9E72A}.Release|Any CPU.Build.0 = Release|Any CPU
		{B70DB462-D67E-4D17-9F91-309E3CE9E72A}.Release|Any CPU.Deploy.0 = Release|Any CPU
	EndGlobalSection
	GlobalSection(SolutionProperties) = preSolution
		HideSolutionNode = FALSE
	EndGlobalSection
	GlobalSection(ExtensibilityGlobals) = postSolution
		SolutionGuid = {06D07D4A-A048-439D-818F-A6F9993E04C4}
	EndGlobalSection
EndGlobal
